
Microsoft Visual Studio Solution File, Format Version 12.00
# Visual Studio Version 17
VisualStudioVersion = 17.2.32630.192
MinimumVisualStudioVersion = 10.0.40219.1
Project("{FAE04EC0-301F-11D3-BF4B-00C04F79EFBC}") = "TravelingSalesman", "TravelingSalesman.csproj", "{A44B7509-1518-47DF-8FAE-5FB56499254D}"
EndProject
Global
	GlobalSection(SolutionConfigurationPlatforms) = preSolution
		Debug|Any CPU = Debug|Any CPU
		Release|Any CPU = Release|Any CPU
	EndGlobalSection
	GlobalSection(ProjectConfigurationPlatforms) = postSolution
		{A44B7509-1518-47DF-8FAE-5FB56499254D}.Debug|Any CPU.ActiveCfg = Debug|Any CPU
		{A44B7509-1518-47DF-8FAE-5FB56499254D}.Debug|Any CPU.Build.0 = Debug|Any CPU
		{A44B7509-1518-47DF-8FAE-5FB56499254D}.Release|Any CPU.ActiveCfg = Release|Any CPU
		{A44B7509-1518-47DF-8FAE-5FB56499254D}.Release|Any CPU.Build.0 = Release|Any CPU
	EndGlobalSection
	GlobalSection(SolutionProperties) = preSolution
		HideSolutionNode = FALSE
	EndGlobalSection
	GlobalSection(ExtensibilityGlobals) = postSolution
		SolutionGuid = {E31AB90D-4DC6-4DC6-93B1-DABC63155060}
	EndGlobalSection
EndGlobal
